
Microsoft Visual Studio Solution File, Format Version 12.00
# Visual Studio 14
VisualStudioVersion = 14.0.25123.0
MinimumVisualStudioVersion = 10.0.40219.1
Project("{FAE04EC0-301F-11D3-BF4B-00C04F79EFBC}") = "DataContrlolAVS.Droid", "DataContrlolAVS\DataContrlolAVS.Droid\DataContrlolAVS.Droid.csproj", "{F77DA001-A699-4339-89FC-3820B57CD12A}"
EndProject
Project("{FAE04EC0-301F-11D3-BF4B-00C04F79EFBC}") = "DataContrlolAVS.iOS", "DataContrlolAVS\DataContrlolAVS.iOS\DataContrlolAVS.iOS.csproj", "{6FB349DB-1529-4EB4-9301-78ED87231EE1}"
EndProject
Project("{FAE04EC0-301F-11D3-BF4B-00C04F79EFBC}") = "DataContrlolAVS.WinPhone", "DataContrlolAVS\DataContrlolAVS.WinPhone\DataContrlolAVS.WinPhone.csproj", "{CC0D0138-4669-4457-BEE0-2B54FC7DCEB4}"
EndProject
Project("{FAE04EC0-301F-11D3-BF4B-00C04F79EFBC}") = "DataContrlolAVS.UWP", "DataContrlolAVS\DataContrlolAVS.UWP\DataContrlolAVS.UWP.csproj", "{6AF31F51-C9AA-41C9-BCEE-9DA4EC7AF6FA}"
EndProject
Project("{FAE04EC0-301F-11D3-BF4B-00C04F79EFBC}") = "DataContrlolAVS.Windows", "DataContrlolAVS\DataContrlolAVS.Windows\DataContrlolAVS.Windows.csproj", "{B9CF3424-7CC6-4944-81FD-7648B1AAAB9D}"
EndProject
Project("{FAE04EC0-301F-11D3-BF4B-00C04F79EFBC}") = "DataContrlolAVS", "DataContrlolAVS\DataContrlolAVS\DataContrlolAVS.csproj", "{29635DFE-D2A1-439E-B7FC-7307F01509DA}"
EndProject
Global
	GlobalSection(SolutionConfigurationPlatforms) = preSolution
		Ad-Hoc|Any CPU = Ad-Hoc|Any CPU
		Ad-Hoc|ARM = Ad-Hoc|ARM
		Ad-Hoc|iPhone = Ad-Hoc|iPhone
		Ad-Hoc|iPhoneSimulator = Ad-Hoc|iPhoneSimulator
		Ad-Hoc|x64 = Ad-Hoc|x64
		Ad-Hoc|x86 = Ad-Hoc|x86
		AppStore|Any CPU = AppStore|Any CPU
		AppStore|ARM = AppStore|ARM
		AppStore|iPhone = AppStore|iPhone
		AppStore|iPhoneSimulator = AppStore|iPhoneSimulator
		AppStore|x64 = AppStore|x64
		AppStore|x86 = AppStore|x86
		Debug|Any CPU = Debug|Any CPU
		Debug|ARM = Debug|ARM
		Debug|iPhone = Debug|iPhone
		Debug|iPhoneSimulator = Debug|iPhoneSimulator
		Debug|x64 = Debug|x64
		Debug|x86 = Debug|x86
		Release|Any CPU = Release|Any CPU
		Release|ARM = Release|ARM
		Release|iPhone = Release|iPhone
		Release|iPhoneSimulator = Release|iPhoneSimulator
		Release|x64 = Release|x64
		Release|x86 = Release|x86
	EndGlobalSection
	GlobalSection(ProjectConfigurationPlatforms) = postSolution
		{F77DA001-A699-4339-89FC-3820B57CD12A}.Ad-Hoc|Any CPU.ActiveCfg = Release|Any CPU
		{F77DA001-A699-4339-89FC-3820B57CD12A}.Ad-Hoc|Any CPU.Build.0 = Release|Any CPU
		{F77DA001-A699-4339-89FC-3820B57CD12A}.Ad-Hoc|Any CPU.Deploy.0 = Release|Any CPU
		{F77DA001-A699-4339-89FC-3820B57CD12A}.Ad-Hoc|ARM.ActiveCfg = Release|Any CPU
		{F77DA001-A699-4339-89FC-3820B57CD12A}.Ad-Hoc|ARM.Build.0 = Release|Any CPU
		{F77DA001-A699-4339-89FC-3820B57CD12A}.Ad-Hoc|ARM.Deploy.0 = Release|Any CPU
		{F77DA001-A699-4339-89FC-3820B57CD12A}.Ad-Hoc|iPhone.ActiveCfg = Release|Any CPU
		{F77DA001-A699-4339-89FC-3820B57CD12A}.Ad-Hoc|iPhone.Build.0 = Release|Any CPU
		{F77DA001-A699-4339-89FC-3820B57CD12A}.Ad-Hoc|iPhone.Deploy.0 = Release|Any CPU
		{F77DA001-A699-4339-89FC-3820B57CD12A}.Ad-Hoc|iPhoneSimulator.ActiveCfg = Release|Any CPU
		{F77DA001-A699-4339-89FC-3820B57CD12A}.Ad-Hoc|iPhoneSimulator.Build.0 = Release|Any CPU
		{F77DA001-A699-4339-89FC-3820B57CD12A}.Ad-Hoc|iPhoneSimulator.Deploy.0 = Release|Any CPU
		{F77DA001-A699-4339-89FC-3820B57CD12A}.Ad-Hoc|x64.ActiveCfg = Release|Any CPU
		{F77DA001-A699-4339-89FC-3820B57CD12A}.Ad-Hoc|x64.Build.0 = Release|Any CPU
		{F77DA001-A699-4339-89FC-3820B57CD12A}.Ad-Hoc|x64.Deploy.0 = Release|Any CPU
		{F77DA001-A699-4339-89FC-3820B57CD12A}.Ad-Hoc|x86.ActiveCfg = Release|Any CPU
		{F77DA001-A699-4339-89FC-3820B57CD12A}.Ad-Hoc|x86.Build.0 = Release|Any CPU
		{F77DA001-A699-4339-89FC-3820B57CD12A}.Ad-Hoc|x86.Deploy.0 = Release|Any CPU
		{F77DA001-A699-4339-89FC-3820B57CD12A}.AppStore|Any CPU.ActiveCfg = Release|Any CPU
		{F77DA001-A699-4339-89FC-3820B57CD12A}.AppStore|Any CPU.Build.0 = Release|Any CPU
		{F77DA001-A699-4339-89FC-3820B57CD12A}.AppStore|Any CPU.Deploy.0 = Release|Any CPU
		{F77DA001-A699-4339-89FC-3820B57CD12A}.AppStore|ARM.ActiveCfg = Release|Any CPU
		{F77DA001-A699-4339-89FC-3820B57CD12A}.AppStore|ARM.Build.0 = Release|Any CPU
		{F77DA001-A699-4339-89FC-3820B57CD12A}.AppStore|ARM.Deploy.0 = Release|Any CPU
		{F77DA001-A699-4339-89FC-3820B57CD12A}.AppStore|iPhone.ActiveCfg = Release|Any CPU
		{F77DA001-A699-4339-89FC-3820B57CD12A}.AppStore|iPhone.Build.0 = Release|Any CPU
		{F77DA001-A699-4339-89FC-3820B57CD12A}.AppStore|iPhone.Deploy.0 = Release|Any CPU
		{F77DA001-A699-4339-89FC-3820B57CD12A}.AppStore|iPhoneSimulator.ActiveCfg = Release|Any CPU
		{F77DA001-A699-4339-89FC-3820B57CD12A}.AppStore|iPhoneSimulator.Build.0 = Release|Any CPU
		{F77DA001-A699-4339-89FC-3820B57CD12A}.AppStore|iPhoneSimulator.Deploy.0 = Release|Any CPU
		{F77DA001-A699-4339-89FC-3820B57CD12A}.AppStore|x64.ActiveCfg = Release|Any CPU
		{F77DA001-A699-4339-89FC-3820B57CD12A}.AppStore|x64.Build.0 = Release|Any CPU
		{F77DA001-A699-4339-89FC-3820B57CD12A}.AppStore|x64.Deploy.0 = Release|Any CPU
		{F77DA001-A699-4339-89FC-3820B57CD12A}.AppStore|x86.ActiveCfg = Release|Any CPU
		{F77DA001-A699-4339-89FC-3820B57CD12A}.AppStore|x86.Build.0 = Release|Any CPU
		{F77DA001-A699-4339-89FC-3820B57CD12A}.AppStore|x86.Deploy.0 = Release|Any CPU
		{F77DA001-A699-4339-89FC-3820B57CD12A}.Debug|Any CPU.ActiveCfg = Debug|Any CPU
		{F77DA001-A699-4339-89FC-3820B57CD12A}.Debug|Any CPU.Build.0 = Debug|Any CPU
		{F77DA001-A699-4339-89FC-3820B57CD12A}.Debug|Any CPU.Deploy.0 = Debug|Any CPU
		{F77DA001-A699-4339-89FC-3820B57CD12A}.Debug|ARM.ActiveCfg = Debug|Any CPU
		{F77DA001-A699-4339-89FC-3820B57CD12A}.Debug|ARM.Build.0 = Debug|Any CPU
		{F77DA001-A699-4339-89FC-3820B57CD12A}.Debug|ARM.Deploy.0 = Debug|Any CPU
		{F77DA001-A699-4339-89FC-3820B57CD12A}.Debug|iPhone.ActiveCfg = Debug|Any CPU
		{F77DA001-A699-4339-89FC-3820B57CD12A}.Debug|iPhone.Build.0 = Debug|Any CPU
		{F77DA001-A699-4339-89FC-3820B57CD12A}.Debug|iPhone.Deploy.0 = Debug|Any CPU
		{F77DA001-A699-4339-89FC-3820B57CD12A}.Debug|iPhoneSimulator.ActiveCfg = Debug|Any CPU
		{F77DA001-A699-4339-89FC-3820B57CD12A}.Debug|iPhoneSimulator.Build.0 = Debug|Any CPU
		{F77DA001-A699-4339-89FC-3820B57CD12A}.Debug|iPhoneSimulator.Deploy.0 = Debug|Any CPU
		{F77DA001-A699-4339-89FC-3820B57CD12A}.Debug|x64.ActiveCfg = Debug|Any CPU
		{F77DA001-A699-4339-89FC-3820B57CD12A}.Debug|x64.Build.0 = Debug|Any CPU
		{F77DA001-A699-4339-89FC-3820B57CD12A}.Debug|x64.Deploy.0 = Debug|Any CPU
		{F77DA001-A699-4339-89FC-3820B57CD12A}.Debug|x86.ActiveCfg = Debug|Any CPU
		{F77DA001-A699-4339-89FC-3820B57CD12A}.Debug|x86.Build.0 = Debug|Any CPU
		{F77DA001-A699-4339-89FC-3820B57CD12A}.Debug|x86.Deploy.0 = Debug|Any CPU
		{F77DA001-A699-4339-89FC-3820B57CD12A}.Release|Any CPU.ActiveCfg = Release|Any CPU
		{F77DA001-A699-4339-89FC-3820B57CD12A}.Release|Any CPU.Build.0 = Release|Any CPU
		{F77DA001-A699-4339-89FC-3820B57CD12A}.Release|Any CPU.Deploy.0 = Release|Any CPU
		{F77DA001-A699-4339-89FC-3820B57CD12A}.Release|ARM.ActiveCfg = Release|Any CPU
		{F77DA001-A699-4339-89FC-3820B57CD12A}.Release|ARM.Build.0 = Release|Any CPU
		{F77DA001-A699-4339-89FC-3820B57CD12A}.Release|ARM.Deploy.0 = Release|Any CPU
		{F77DA001-A699-4339-89FC-3820B57CD12A}.Release|iPhone.ActiveCfg = Release|Any CPU
		{F77DA001-A699-4339-89FC-3820B57CD12A}.Release|iPhone.Build.0 = Release|Any CPU
		{F77DA001-A699-4339-89FC-3820B57CD12A}.Release|iPhone.Deploy.0 = Release|Any CPU
		{F77DA001-A699-4339-89FC-3820B57CD12A}.Release|iPhoneSimulator.ActiveCfg = Release|Any CPU
		{F77DA001-A699-4339-89FC-3820B57CD12A}.Release|iPhoneSimulator.Build.0 = Release|Any CPU
		{F77DA001-A699-4339-89FC-3820B57CD12A}.Release|iPhoneSimulator.Deploy.0 = Release|Any CPU
		{F77DA001-A699-4339-89FC-3820B57CD12A}.Release|x64.ActiveCfg = Release|Any CPU
		{F77DA001-A699-4339-89FC-3820B57CD12A}.Release|x64.Build.0 = Release|Any CPU
		{F77DA001-A699-4339-89FC-3820B57CD12A}.Release|x64.Deploy.0 = Release|Any CPU
		{F77DA001-A699-4339-89FC-3820B57CD12A}.Release|x86.ActiveCfg = Release|Any CPU
		{F77DA001-A699-4339-89FC-3820B57CD12A}.Release|x86.Build.0 = Release|Any CPU
		{F77DA001-A699-4339-89FC-3820B57CD12A}.Release|x86.Deploy.0 = Release|Any CPU
		{6FB349DB-1529-4EB4-9301-78ED87231EE1}.Ad-Hoc|Any CPU.ActiveCfg = Ad-Hoc|iPhone
		{6FB349DB-1529-4EB4-9301-78ED87231EE1}.Ad-Hoc|ARM.ActiveCfg = Ad-Hoc|iPhone
		{6FB349DB-1529-4EB4-9301-78ED87231EE1}.Ad-Hoc|iPhone.ActiveCfg = Ad-Hoc|iPhone
		{6FB349DB-1529-4EB4-9301-78ED87231EE1}.Ad-Hoc|iPhone.Build.0 = Ad-Hoc|iPhone
		{6FB349DB-1529-4EB4-9301-78ED87231EE1}.Ad-Hoc|iPhoneSimulator.ActiveCfg = Ad-Hoc|iPhoneSimulator
		{6FB349DB-1529-4EB4-9301-78ED87231EE1}.Ad-Hoc|iPhoneSimulator.Build.0 = Ad-Hoc|iPhoneSimulator
		{6FB349DB-1529-4EB4-9301-78ED87231EE1}.Ad-Hoc|x64.ActiveCfg = Ad-Hoc|iPhone
		{6FB349DB-1529-4EB4-9301-78ED87231EE1}.Ad-Hoc|x86.ActiveCfg = Ad-Hoc|iPhone
		{6FB349DB-1529-4EB4-9301-78ED87231EE1}.AppStore|Any CPU.ActiveCfg = AppStore|iPhone
		{6FB349DB-1529-4EB4-9301-78ED87231EE1}.AppStore|ARM.ActiveCfg = AppStore|iPhone
		{6FB349DB-1529-4EB4-9301-78ED87231EE1}.AppStore|iPhone.ActiveCfg = AppStore|iPhone
		{6FB349DB-1529-4EB4-9301-78ED87231EE1}.AppStore|iPhone.Build.0 = AppStore|iPhone
		{6FB349DB-1529-4EB4-9301-78ED87231EE1}.AppStore|iPhoneSimulator.ActiveCfg = AppStore|iPhoneSimulator
		{6FB349DB-1529-4EB4-9301-78ED87231EE1}.AppStore|iPhoneSimulator.Build.0 = AppStore|iPhoneSimulator
		{6FB349DB-1529-4EB4-9301-78ED87231EE1}.AppStore|x64.ActiveCfg = AppStore|iPhone
		{6FB349DB-1529-4EB4-9301-78ED87231EE1}.AppStore|x86.ActiveCfg = AppStore|iPhone
		{6FB349DB-1529-4EB4-9301-78ED87231EE1}.Debug|Any CPU.ActiveCfg = Debug|iPhone
		{6FB349DB-1529-4EB4-9301-78ED87231EE1}.Debug|ARM.ActiveCfg = Debug|iPhone
		{6FB349DB-1529-4EB4-9301-78ED87231EE1}.Debug|iPhone.ActiveCfg = Debug|iPhone
		{6FB349DB-1529-4EB4-9301-78ED87231EE1}.Debug|iPhone.Build.0 = Debug|iPhone
		{6FB349DB-1529-4EB4-9301-78ED87231EE1}.Debug|iPhoneSimulator.ActiveCfg = Debug|iPhoneSimulator
		{6FB349DB-1529-4EB4-9301-78ED87231EE1}.Debug|iPhoneSimulator.Build.0 = Debug|iPhoneSimulator
		{6FB349DB-1529-4EB4-9301-78ED87231EE1}.Debug|x64.ActiveCfg = Debug|iPhone
		{6FB349DB-1529-4EB4-9301-78ED87231EE1}.Debug|x86.ActiveCfg = Debug|iPhone
		{6FB349DB-1529-4EB4-9301-78ED87231EE1}.Release|Any CPU.ActiveCfg = Release|iPhone
		{6FB349DB-1529-4EB4-9301-78ED87231EE1}.Release|ARM.ActiveCfg = Release|iPhone
		{6FB349DB-1529-4EB4-9301-78ED87231EE1}.Release|iPhone.ActiveCfg = Release|iPhone
		{6FB349DB-1529-4EB4-9301-78ED87231EE1}.Release|iPhone.Build.0 = Release|iPhone
		{6FB349DB-1529-4EB4-9301-78ED87231EE1}.Release|iPhoneSimulator.ActiveCfg = Release|iPhoneSimulator
		{6FB349DB-1529-4EB4-9301-78ED87231EE1}.Release|iPhoneSimulator.Build.0 = Release|iPhoneSimulator
		{6FB349DB-1529-4EB4-9301-78ED87231EE1}.Release|x64.ActiveCfg = Release|iPhone
		{6FB349DB-1529-4EB4-9301-78ED87231EE1}.Release|x86.ActiveCfg = Release|iPhone
		{CC0D0138-4669-4457-BEE0-2B54FC7DCEB4}.Ad-Hoc|Any CPU.ActiveCfg = Release|Any CPU
		{CC0D0138-4669-4457-BEE0-2B54FC7DCEB4}.Ad-Hoc|Any CPU.Build.0 = Release|Any CPU
		{CC0D0138-4669-4457-BEE0-2B54FC7DCEB4}.Ad-Hoc|Any CPU.Deploy.0 = Release|Any CPU
		{CC0D0138-4669-4457-BEE0-2B54FC7DCEB4}.Ad-Hoc|ARM.ActiveCfg = Release|ARM
		{CC0D0138-4669-4457-BEE0-2B54FC7DCEB4}.Ad-Hoc|ARM.Build.0 = Release|ARM
		{CC0D0138-4669-4457-BEE0-2B54FC7DCEB4}.Ad-Hoc|ARM.Deploy.0 = Release|ARM
		{CC0D0138-4669-4457-BEE0-2B54FC7DCEB4}.Ad-Hoc|iPhone.ActiveCfg = Release|Any CPU
		{CC0D0138-4669-4457-BEE0-2B54FC7DCEB4}.Ad-Hoc|iPhone.Build.0 = Release|Any CPU
		{CC0D0138-4669-4457-BEE0-2B54FC7DCEB4}.Ad-Hoc|iPhone.Deploy.0 = Release|Any CPU
		{CC0D0138-4669-4457-BEE0-2B54FC7DCEB4}.Ad-Hoc|iPhoneSimulator.ActiveCfg = Release|Any CPU
		{CC0D0138-4669-4457-BEE0-2B54FC7DCEB4}.Ad-Hoc|iPhoneSimulator.Build.0 = Release|Any CPU
		{CC0D0138-4669-4457-BEE0-2B54FC7DCEB4}.Ad-Hoc|iPhoneSimulator.Deploy.0 = Release|Any CPU
		{CC0D0138-4669-4457-BEE0-2B54FC7DCEB4}.Ad-Hoc|x64.ActiveCfg = Release|Any CPU
		{CC0D0138-4669-4457-BEE0-2B54FC7DCEB4}.Ad-Hoc|x64.Build.0 = Release|Any CPU
		{CC0D0138-4669-4457-BEE0-2B54FC7DCEB4}.Ad-Hoc|x64.Deploy.0 = Release|Any CPU
		{CC0D0138-4669-4457-BEE0-2B54FC7DCEB4}.Ad-Hoc|x86.ActiveCfg = Release|x86
		{CC0D0138-4669-4457-BEE0-2B54FC7DCEB4}.Ad-Hoc|x86.Build.0 = Release|x86
		{CC0D0138-4669-4457-BEE0-2B54FC7DCEB4}.Ad-Hoc|x86.Deploy.0 = Release|x86
		{CC0D0138-4669-4457-BEE0-2B54FC7DCEB4}.AppStore|Any CPU.ActiveCfg = Release|Any CPU
		{CC0D0138-4669-4457-BEE0-2B54FC7DCEB4}.AppStore|Any CPU.Build.0 = Release|Any CPU
		{CC0D0138-4669-4457-BEE0-2B54FC7DCEB4}.AppStore|Any CPU.Deploy.0 = Release|Any CPU
		{CC0D0138-4669-4457-BEE0-2B54FC7DCEB4}.AppStore|ARM.ActiveCfg = Release|ARM
		{CC0D0138-4669-4457-BEE0-2B54FC7DCEB4}.AppStore|ARM.Build.0 = Release|ARM
		{CC0D0138-4669-4457-BEE0-2B54FC7DCEB4}.AppStore|ARM.Deploy.0 = Release|ARM
		{CC0D0138-4669-4457-BEE0-2B54FC7DCEB4}.AppStore|iPhone.ActiveCfg = Release|Any CPU
		{CC0D0138-4669-4457-BEE0-2B54FC7DCEB4}.AppStore|iPhone.Build.0 = Release|Any CPU
		{CC0D0138-4669-4457-BEE0-2B54FC7DCEB4}.AppStore|iPhone.Deploy.0 = Release|Any CPU
		{CC0D0138-4669-4457-BEE0-2B54FC7DCEB4}.AppStore|iPhoneSimulator.ActiveCfg = Release|Any CPU
		{CC0D0138-4669-4457-BEE0-2B54FC7DCEB4}.AppStore|iPhoneSimulator.Build.0 = Release|Any CPU
		{CC0D0138-4669-4457-BEE0-2B54FC7DCEB4}.AppStore|iPhoneSimulator.Deploy.0 = Release|Any CPU
		{CC0D0138-4669-4457-BEE0-2B54FC7DCEB4}.AppStore|x64.ActiveCfg = Release|Any CPU
		{CC0D0138-4669-4457-BEE0-2B54FC7DCEB4}.AppStore|x64.Build.0 = Release|Any CPU
		{CC0D0138-4669-4457-BEE0-2B54FC7DCEB4}.AppStore|x64.Deploy.0 = Release|Any CPU
		{CC0D0138-4669-4457-BEE0-2B54FC7DCEB4}.AppStore|x86.ActiveCfg = Release|x86
		{CC0D0138-4669-4457-BEE0-2B54FC7DCEB4}.AppStore|x86.Build.0 = Release|x86
		{CC0D0138-4669-4457-BEE0-2B54FC7DCEB4}.AppStore|x86.Deploy.0 = Release|x86
		{CC0D0138-4669-4457-BEE0-2B54FC7DCEB4}.Debug|Any CPU.ActiveCfg = Debug|Any CPU
		{CC0D0138-4669-4457-BEE0-2B54FC7DCEB4}.Debug|Any CPU.Build.0 = Debug|Any CPU
		{CC0D0138-4669-4457-BEE0-2B54FC7DCEB4}.Debug|Any CPU.Deploy.0 = Debug|Any CPU
		{CC0D0138-4669-4457-BEE0-2B54FC7DCEB4}.Debug|ARM.ActiveCfg = Debug|ARM
		{CC0D0138-4669-4457-BEE0-2B54FC7DCEB4}.Debug|ARM.Build.0 = Debug|ARM
		{CC0D0138-4669-4457-BEE0-2B54FC7DCEB4}.Debug|ARM.Deploy.0 = Debug|ARM
		{CC0D0138-4669-4457-BEE0-2B54FC7DCEB4}.Debug|iPhone.ActiveCfg = Debug|Any CPU
		{CC0D0138-4669-4457-BEE0-2B54FC7DCEB4}.Debug|iPhone.Build.0 = Debug|Any CPU
		{CC0D0138-4669-4457-BEE0-2B54FC7DCEB4}.Debug|iPhone.Deploy.0 = Debug|Any CPU
		{CC0D0138-4669-4457-BEE0-2B54FC7DCEB4}.Debug|iPhoneSimulator.ActiveCfg = Debug|Any CPU
		{CC0D0138-4669-4457-BEE0-2B54FC7DCEB4}.Debug|iPhoneSimulator.Build.0 = Debug|Any CPU
		{CC0D0138-4669-4457-BEE0-2B54FC7DCEB4}.Debug|iPhoneSimulator.Deploy.0 = Debug|Any CPU
		{CC0D0138-4669-4457-BEE0-2B54FC7DCEB4}.Debug|x64.ActiveCfg = Debug|Any CPU
		{CC0D0138-4669-4457-BEE0-2B54FC7DCEB4}.Debug|x64.Build.0 = Debug|Any CPU
		{CC0D0138-4669-4457-BEE0-2B54FC7DCEB4}.Debug|x64.Deploy.0 = Debug|Any CPU
		{CC0D0138-4669-4457-BEE0-2B54FC7DCEB4}.Debug|x86.ActiveCfg = Debug|x86
		{CC0D0138-4669-4457-BEE0-2B54FC7DCEB4}.Debug|x86.Build.0 = Debug|x86
		{CC0D0138-4669-4457-BEE0-2B54FC7DCEB4}.Debug|x86.Deploy.0 = Debug|x86
		{CC0D0138-4669-4457-BEE0-2B54FC7DCEB4}.Release|Any CPU.ActiveCfg = Release|Any CPU
		{CC0D0138-4669-4457-BEE0-2B54FC7DCEB4}.Release|Any CPU.Build.0 = Release|Any CPU
		{CC0D0138-4669-4457-BEE0-2B54FC7DCEB4}.Release|Any CPU.Deploy.0 = Release|Any CPU
		{CC0D0138-4669-4457-BEE0-2B54FC7DCEB4}.Release|ARM.ActiveCfg = Release|ARM
		{CC0D0138-4669-4457-BEE0-2B54FC7DCEB4}.Release|ARM.Build.0 = Release|ARM
		{CC0D0138-4669-4457-BEE0-2B54FC7DCEB4}.Release|ARM.Deploy.0 = Release|ARM
		{CC0D0138-4669-4457-BEE0-2B54FC7DCEB4}.Release|iPhone.ActiveCfg = Release|Any CPU
		{CC0D0138-4669-4457-BEE0-2B54FC7DCEB4}.Release|iPhone.Build.0 = Release|Any CPU
		{CC0D0138-4669-4457-BEE0-2B54FC7DCEB4}.Release|iPhone.Deploy.0 = Release|Any CPU
		{CC0D0138-4669-4457-BEE0-2B54FC7DCEB4}.Release|iPhoneSimulator.ActiveCfg = Release|Any CPU
		{CC0D0138-4669-4457-BEE0-2B54FC7DCEB4}.Release|iPhoneSimulator.Build.0 = Release|Any CPU
		{CC0D0138-4669-4457-BEE0-2B54FC7DCEB4}.Release|iPhoneSimulator.Deploy.0 = Release|Any CPU
		{CC0D0138-4669-4457-BEE0-2B54FC7DCEB4}.Release|x64.ActiveCfg = Release|Any CPU
		{CC0D0138-4669-4457-BEE0-2B54FC7DCEB4}.Release|x64.Build.0 = Release|Any CPU
		{CC0D0138-4669-4457-BEE0-2B54FC7DCEB4}.Release|x64.Deploy.0 = Release|Any CPU
		{CC0D0138-4669-4457-BEE0-2B54FC7DCEB4}.Release|x86.ActiveCfg = Release|x86
		{CC0D0138-4669-4457-BEE0-2B54FC7DCEB4}.Release|x86.Build.0 = Release|x86
		{CC0D0138-4669-4457-BEE0-2B54FC7DCEB4}.Release|x86.Deploy.0 = Release|x86
		{6AF31F51-C9AA-41C9-BCEE-9DA4EC7AF6FA}.Ad-Hoc|Any CPU.ActiveCfg = Release|x86
		{6AF31F51-C9AA-41C9-BCEE-9DA4EC7AF6FA}.Ad-Hoc|Any CPU.Build.0 = Release|x86
		{6AF31F51-C9AA-41C9-BCEE-9DA4EC7AF6FA}.Ad-Hoc|Any CPU.Deploy.0 = Release|x86
		{6AF31F51-C9AA-41C9-BCEE-9DA4EC7AF6FA}.Ad-Hoc|ARM.ActiveCfg = Release|ARM
		{6AF31F51-C9AA-41C9-BCEE-9DA4EC7AF6FA}.Ad-Hoc|ARM.Build.0 = Release|ARM
		{6AF31F51-C9AA-41C9-BCEE-9DA4EC7AF6FA}.Ad-Hoc|ARM.Deploy.0 = Release|ARM
		{6AF31F51-C9AA-41C9-BCEE-9DA4EC7AF6FA}.Ad-Hoc|iPhone.ActiveCfg = Release|x86
		{6AF31F51-C9AA-41C9-BCEE-9DA4EC7AF6FA}.Ad-Hoc|iPhone.Build.0 = Release|x86
		{6AF31F51-C9AA-41C9-BCEE-9DA4EC7AF6FA}.Ad-Hoc|iPhone.Deploy.0 = Release|x86
		{6AF31F51-C9AA-41C9-BCEE-9DA4EC7AF6FA}.Ad-Hoc|iPhoneSimulator.ActiveCfg = Release|x86
		{6AF31F51-C9AA-41C9-BCEE-9DA4EC7AF6FA}.Ad-Hoc|iPhoneSimulator.Build.0 = Release|x86
		{6AF31F51-C9AA-41C9-BCEE-9DA4EC7AF6FA}.Ad-Hoc|iPhoneSimulator.Deploy.0 = Release|x86
		{6AF31F51-C9AA-41C9-BCEE-9DA4EC7AF6FA}.Ad-Hoc|x64.ActiveCfg = Release|x64
		{6AF31F51-C9AA-41C9-BCEE-9DA4EC7AF6FA}.Ad-Hoc|x64.Build.0 = Release|x64
		{6AF31F51-C9AA-41C9-BCEE-9DA4EC7AF6FA}.Ad-Hoc|x64.Deploy.0 = Release|x64
		{6AF31F51-C9AA-41C9-BCEE-9DA4EC7AF6FA}.Ad-Hoc|x86.ActiveCfg = Release|x86
		{6AF31F51-C9AA-41C9-BCEE-9DA4EC7AF6FA}.Ad-Hoc|x86.Build.0 = Release|x86
		{6AF31F51-C9AA-41C9-BCEE-9DA4EC7AF6FA}.Ad-Hoc|x86.Deploy.0 = Release|x86
		{6AF31F51-C9AA-41C9-BCEE-9DA4EC7AF6FA}.AppStore|Any CPU.ActiveCfg = Release|x86
		{6AF31F51-C9AA-41C9-BCEE-9DA4EC7AF6FA}.AppStore|Any CPU.Build.0 = Release|x86
		{6AF31F51-C9AA-41C9-BCEE-9DA4EC7AF6FA}.AppStore|Any CPU.Deploy.0 = Release|x86
		{6AF31F51-C9AA-41C9-BCEE-9DA4EC7AF6FA}.AppStore|ARM.ActiveCfg = Release|ARM
		{6AF31F51-C9AA-41C9-BCEE-9DA4EC7AF6FA}.AppStore|ARM.Build.0 = Release|ARM
		{6AF31F51-C9AA-41C9-BCEE-9DA4EC7AF6FA}.AppStore|ARM.Deploy.0 = Release|ARM
		{6AF31F51-C9AA-41C9-BCEE-9DA4EC7AF6FA}.AppStore|iPhone.ActiveCfg = Release|x86
		{6AF31F51-C9AA-41C9-BCEE-9DA4EC7AF6FA}.AppStore|iPhone.Build.0 = Release|x86
		{6AF31F51-C9AA-41C9-BCEE-9DA4EC7AF6FA}.AppStore|iPhone.Deploy.0 = Release|x86
		{6AF31F51-C9AA-41C9-BCEE-9DA4EC7AF6FA}.AppStore|iPhoneSimulator.ActiveCfg = Release|x86
		{6AF31F51-C9AA-41C9-BCEE-9DA4EC7AF6FA}.AppStore|iPhoneSimulator.Build.0 = Release|x86
		{6AF31F51-C9AA-41C9-BCEE-9DA4EC7AF6FA}.AppStore|iPhoneSimulator.Deploy.0 = Release|x86
		{6AF31F51-C9AA-41C9-BCEE-9DA4EC7AF6FA}.AppStore|x64.ActiveCfg = Release|x64
		{6AF31F51-C9AA-41C9-BCEE-9DA4EC7AF6FA}.AppStore|x64.Build.0 = Release|x64
		{6AF31F51-C9AA-41C9-BCEE-9DA4EC7AF6FA}.AppStore|x64.Deploy.0 = Release|x64
		{6AF31F51-C9AA-41C9-BCEE-9DA4EC7AF6FA}.AppStore|x86.ActiveCfg = Release|x86
		{6AF31F51-C9AA-41C9-BCEE-9DA4EC7AF6FA}.AppStore|x86.Build.0 = Release|x86
		{6AF31F51-C9AA-41C9-BCEE-9DA4EC7AF6FA}.AppStore|x86.Deploy.0 = Release|x86
		{6AF31F51-C9AA-41C9-BCEE-9DA4EC7AF6FA}.Debug|Any CPU.ActiveCfg = Debug|x86
		{6AF31F51-C9AA-41C9-BCEE-9DA4EC7AF6FA}.Debug|ARM.ActiveCfg = Debug|ARM
		{6AF31F51-C9AA-41C9-BCEE-9DA4EC7AF6FA}.Debug|ARM.Build.0 = Debug|ARM
		{6AF31F51-C9AA-41C9-BCEE-9DA4EC7AF6FA}.Debug|ARM.Deploy.0 = Debug|ARM
		{6AF31F51-C9AA-41C9-BCEE-9DA4EC7AF6FA}.Debug|iPhone.ActiveCfg = Debug|x86
		{6AF31F51-C9AA-41C9-BCEE-9DA4EC7AF6FA}.Debug|iPhoneSimulator.ActiveCfg = Debug|x86
		{6AF31F51-C9AA-41C9-BCEE-9DA4EC7AF6FA}.Debug|x64.ActiveCfg = Debug|x64
		{6AF31F51-C9AA-41C9-BCEE-9DA4EC7AF6FA}.Debug|x64.Build.0 = Debug|x64
		{6AF31F51-C9AA-41C9-BCEE-9DA4EC7AF6FA}.Debug|x64.Deploy.0 = Debug|x64
		{6AF31F51-C9AA-41C9-BCEE-9DA4EC7AF6FA}.Debug|x86.ActiveCfg = Debug|x86
		{6AF31F51-C9AA-41C9-BCEE-9DA4EC7AF6FA}.Debug|x86.Build.0 = Debug|x86
		{6AF31F51-C9AA-41C9-BCEE-9DA4EC7AF6FA}.Debug|x86.Deploy.0 = Debug|x86
		{6AF31F51-C9AA-41C9-BCEE-9DA4EC7AF6FA}.Release|Any CPU.ActiveCfg = Release|x86
		{6AF31F51-C9AA-41C9-BCEE-9DA4EC7AF6FA}.Release|ARM.ActiveCfg = Release|ARM
		{6AF31F51-C9AA-41C9-BCEE-9DA4EC7AF6FA}.Release|ARM.Build.0 = Release|ARM
		{6AF31F51-C9AA-41C9-BCEE-9DA4EC7AF6FA}.Release|ARM.Deploy.0 = Release|ARM
		{6AF31F51-C9AA-41C9-BCEE-9DA4EC7AF6FA}.Release|iPhone.ActiveCfg = Release|x86
		{6AF31F51-C9AA-41C9-BCEE-9DA4EC7AF6FA}.Release|iPhoneSimulator.ActiveCfg = Release|x86
		{6AF31F51-C9AA-41C9-BCEE-9DA4EC7AF6FA}.Release|x64.ActiveCfg = Release|x64
		{6AF31F51-C9AA-41C9-BCEE-9DA4EC7AF6FA}.Release|x64.Build.0 = Release|x64
		{6AF31F51-C9AA-41C9-BCEE-9DA4EC7AF6FA}.Release|x64.Deploy.0 = Release|x64
		{6AF31F51-C9AA-41C9-BCEE-9DA4EC7AF6FA}.Release|x86.ActiveCfg = Release|x86
		{6AF31F51-C9AA-41C9-BCEE-9DA4EC7AF6FA}.Release|x86.Build.0 = Release|x86
		{6AF31F51-C9AA-41C9-BCEE-9DA4EC7AF6FA}.Release|x86.Deploy.0 = Release|x86
		{B9CF3424-7CC6-4944-81FD-7648B1AAAB9D}.Ad-Hoc|Any CPU.ActiveCfg = Release|Any CPU
		{B9CF3424-7CC6-4944-81FD-7648B1AAAB9D}.Ad-Hoc|Any CPU.Build.0 = Release|Any CPU
		{B9CF3424-7CC6-4944-81FD-7648B1AAAB9D}.Ad-Hoc|Any CPU.Deploy.0 = Release|Any CPU
		{B9CF3424-7CC6-4944-81FD-7648B1AAAB9D}.Ad-Hoc|ARM.ActiveCfg = Release|ARM
		{B9CF3424-7CC6-4944-81FD-7648B1AAAB9D}.Ad-Hoc|ARM.Build.0 = Release|ARM
		{B9CF3424-7CC6-4944-81FD-7648B1AAAB9D}.Ad-Hoc|ARM.Deploy.0 = Release|ARM
		{B9CF3424-7CC6-4944-81FD-7648B1AAAB9D}.Ad-Hoc|iPhone.ActiveCfg = Release|Any CPU
		{B9CF3424-7CC6-4944-81FD-7648B1AAAB9D}.Ad-Hoc|iPhone.Build.0 = Release|Any CPU
		{B9CF3424-7CC6-4944-81FD-7648B1AAAB9D}.Ad-Hoc|iPhone.Deploy.0 = Release|Any CPU
		{B9CF3424-7CC6-4944-81FD-7648B1AAAB9D}.Ad-Hoc|iPhoneSimulator.ActiveCfg = Release|Any CPU
		{B9CF3424-7CC6-4944-81FD-7648B1AAAB9D}.Ad-Hoc|iPhoneSimulator.Build.0 = Release|Any CPU
		{B9CF3424-7CC6-4944-81FD-7648B1AAAB9D}.Ad-Hoc|iPhoneSimulator.Deploy.0 = Release|Any CPU
		{B9CF3424-7CC6-4944-81FD-7648B1AAAB9D}.Ad-Hoc|x64.ActiveCfg = Release|x64
		{B9CF3424-7CC6-4944-81FD-7648B1AAAB9D}.Ad-Hoc|x64.Build.0 = Release|x64
		{B9CF3424-7CC6-4944-81FD-7648B1AAAB9D}.Ad-Hoc|x64.Deploy.0 = Release|x64
		{B9CF3424-7CC6-4944-81FD-7648B1AAAB9D}.Ad-Hoc|x86.ActiveCfg = Release|x86
		{B9CF3424-7CC6-4944-81FD-7648B1AAAB9D}.Ad-Hoc|x86.Build.0 = Release|x86
		{B9CF3424-7CC6-4944-81FD-7648B1AAAB9D}.Ad-Hoc|x86.Deploy.0 = Release|x86
		{B9CF3424-7CC6-4944-81FD-7648B1AAAB9D}.AppStore|Any CPU.ActiveCfg = Release|Any CPU
		{B9CF3424-7CC6-4944-81FD-7648B1AAAB9D}.AppStore|Any CPU.Build.0 = Release|Any CPU
		{B9CF3424-7CC6-4944-81FD-7648B1AAAB9D}.AppStore|Any CPU.Deploy.0 = Release|Any CPU
		{B9CF3424-7CC6-4944-81FD-7648B1AAAB9D}.AppStore|ARM.ActiveCfg = Release|ARM
		{B9CF3424-7CC6-4944-81FD-7648B1AAAB9D}.AppStore|ARM.Build.0 = Release|ARM
		{B9CF3424-7CC6-4944-81FD-7648B1AAAB9D}.AppStore|ARM.Deploy.0 = Release|ARM
		{B9CF3424-7CC6-4944-81FD-7648B1AAAB9D}.AppStore|iPhone.ActiveCfg = Release|Any CPU
		{B9CF3424-7CC6-4944-81FD-7648B1AAAB9D}.AppStore|iPhone.Build.0 = Release|Any CPU
		{B9CF3424-7CC6-4944-81FD-7648B1AAAB9D}.AppStore|iPhone.Deploy.0 = Release|Any CPU
		{B9CF3424-7CC6-4944-81FD-7648B1AAAB9D}.AppStore|iPhoneSimulator.ActiveCfg = Release|Any CPU
		{B9CF3424-7CC6-4944-81FD-7648B1AAAB9D}.AppStore|iPhoneSimulator.Build.0 = Release|Any CPU
		{B9CF3424-7CC6-4944-81FD-7648B1AAAB9D}.AppStore|iPhoneSimulator.Deploy.0 = Release|Any CPU
		{B9CF3424-7CC6-4944-81FD-7648B1AAAB9D}.AppStore|x64.ActiveCfg = Release|x64
		{B9CF3424-7CC6-4944-81FD-7648B1AAAB9D}.AppStore|x64.Build.0 = Release|x64
		{B9CF3424-7CC6-4944-81FD-7648B1AAAB9D}.AppStore|x64.Deploy.0 = Release|x64
		{B9CF3424-7CC6-4944-81FD-7648B1AAAB9D}.AppStore|x86.ActiveCfg = Release|x86
		{B9CF3424-7CC6-4944-81FD-7648B1AAAB9D}.AppStore|x86.Build.0 = Release|x86
		{B9CF3424-7CC6-4944-81FD-7648B1AAAB9D}.AppStore|x86.Deploy.0 = Release|x86
		{B9CF3424-7CC6-4944-81FD-7648B1AAAB9D}.Debug|Any CPU.ActiveCfg = Debug|Any CPU
		{B9CF3424-7CC6-4944-81FD-7648B1AAAB9D}.Debug|Any CPU.Build.0 = Debug|Any CPU
		{B9CF3424-7CC6-4944-81FD-7648B1AAAB9D}.Debug|Any CPU.Deploy.0 = Debug|Any CPU
		{B9CF3424-7CC6-4944-81FD-7648B1AAAB9D}.Debug|ARM.ActiveCfg = Debug|ARM
		{B9CF3424-7CC6-4944-81FD-7648B1AAAB9D}.Debug|ARM.Build.0 = Debug|ARM
		{B9CF3424-7CC6-4944-81FD-7648B1AAAB9D}.Debug|ARM.Deploy.0 = Debug|ARM
		{B9CF3424-7CC6-4944-81FD-7648B1AAAB9D}.Debug|iPhone.ActiveCfg = Debug|Any CPU
		{B9CF3424-7CC6-4944-81FD-7648B1AAAB9D}.Debug|iPhone.Build.0 = Debug|Any CPU
		{B9CF3424-7CC6-4944-81FD-7648B1AAAB9D}.Debug|iPhone.Deploy.0 = Debug|Any CPU
		{B9CF3424-7CC6-4944-81FD-7648B1AAAB9D}.Debug|iPhoneSimulator.ActiveCfg = Debug|Any CPU
		{B9CF3424-7CC6-4944-81FD-7648B1AAAB9D}.Debug|iPhoneSimulator.Build.0 = Debug|Any CPU
		{B9CF3424-7CC6-4944-81FD-7648B1AAAB9D}.Debug|iPhoneSimulator.Deploy.0 = Debug|Any CPU
		{B9CF3424-7CC6-4944-81FD-7648B1AAAB9D}.Debug|x64.ActiveCfg = Debug|x64
		{B9CF3424-7CC6-4944-81FD-7648B1AAAB9D}.Debug|x64.Build.0 = Debug|x64
		{B9CF3424-7CC6-4944-81FD-7648B1AAAB9D}.Debug|x64.Deploy.0 = Debug|x64
		{B9CF3424-7CC6-4944-81FD-7648B1AAAB9D}.Debug|x86.ActiveCfg = Debug|x86
		{B9CF3424-7CC6-4944-81FD-7648B1AAAB9D}.Debug|x86.Build.0 = Debug|x86
		{B9CF3424-7CC6-4944-81FD-7648B1AAAB9D}.Debug|x86.Deploy.0 = Debug|x86
		{B9CF3424-7CC6-4944-81FD-7648B1AAAB9D}.Release|Any CPU.ActiveCfg = Release|Any CPU
		{B9CF3424-7CC6-4944-81FD-7648B1AAAB9D}.Release|Any CPU.Build.0 = Release|Any CPU
		{B9CF3424-7CC6-4944-81FD-7648B1AAAB9D}.Release|Any CPU.Deploy.0 = Release|Any CPU
		{B9CF3424-7CC6-4944-81FD-7648B1AAAB9D}.Release|ARM.ActiveCfg = Release|ARM
		{B9CF3424-7CC6-4944-81FD-7648B1AAAB9D}.Release|ARM.Build.0 = Release|ARM
		{B9CF3424-7CC6-4944-81FD-7648B1AAAB9D}.Release|ARM.Deploy.0 = Release|ARM
		{B9CF3424-7CC6-4944-81FD-7648B1AAAB9D}.Release|iPhone.ActiveCfg = Release|Any CPU
		{B9CF3424-7CC6-4944-81FD-7648B1AAAB9D}.Release|iPhone.Build.0 = Release|Any CPU
		{B9CF3424-7CC6-4944-81FD-7648B1AAAB9D}.Release|iPhone.Deploy.0 = Release|Any CPU
		{B9CF3424-7CC6-4944-81FD-7648B1AAAB9D}.Release|iPhoneSimulator.ActiveCfg = Release|Any CPU
		{B9CF3424-7CC6-4944-81FD-7648B1AAAB9D}.Release|iPhoneSimulator.Build.0 = Release|Any CPU
		{B9CF3424-7CC6-4944-81FD-7648B1AAAB9D}.Release|iPhoneSimulator.Deploy.0 = Release|Any CPU
		{B9CF3424-7CC6-4944-81FD-7648B1AAAB9D}.Release|x64.ActiveCfg = Release|x64
		{B9CF3424-7CC6-4944-81FD-7648B1AAAB9D}.Release|x64.Build.0 = Release|x64
		{B9CF3424-7CC6-4944-81FD-7648B1AAAB9D}.Release|x64.Deploy.0 = Release|x64
		{B9CF3424-7CC6-4944-81FD-7648B1AAAB9D}.Release|x86.ActiveCfg = Release|x86
		{B9CF3424-7CC6-4944-81FD-7648B1AAAB9D}.Release|x86.Build.0 = Release|x86
		{B9CF3424-7CC6-4944-81FD-7648B1AAAB9D}.Release|x86.Deploy.0 = Release|x86
		{29635DFE-D2A1-439E-B7FC-7307F01509DA}.Ad-Hoc|Any CPU.ActiveCfg = Release|Any CPU
		{29635DFE-D2A1-439E-B7FC-7307F01509DA}.Ad-Hoc|Any CPU.Build.0 = Release|Any CPU
		{29635DFE-D2A1-439E-B7FC-7307F01509DA}.Ad-Hoc|ARM.ActiveCfg = Release|Any CPU
		{29635DFE-D2A1-439E-B7FC-7307F01509DA}.Ad-Hoc|ARM.Build.0 = Release|Any CPU
		{29635DFE-D2A1-439E-B7FC-7307F01509DA}.Ad-Hoc|iPhone.ActiveCfg = Release|Any CPU
		{29635DFE-D2A1-439E-B7FC-7307F01509DA}.Ad-Hoc|iPhone.Build.0 = Release|Any CPU
		{29635DFE-D2A1-439E-B7FC-7307F01509DA}.Ad-Hoc|iPhoneSimulator.ActiveCfg = Release|Any CPU
		{29635DFE-D2A1-439E-B7FC-7307F01509DA}.Ad-Hoc|iPhoneSimulator.Build.0 = Release|Any CPU
		{29635DFE-D2A1-439E-B7FC-7307F01509DA}.Ad-Hoc|x64.ActiveCfg = Release|Any CPU
		{29635DFE-D2A1-439E-B7FC-7307F01509DA}.Ad-Hoc|x64.Build.0 = Release|Any CPU
		{29635DFE-D2A1-439E-B7FC-7307F01509DA}.Ad-Hoc|x86.ActiveCfg = Release|Any CPU
		{29635DFE-D2A1-439E-B7FC-7307F01509DA}.Ad-Hoc|x86.Build.0 = Release|Any CPU
		{29635DFE-D2A1-439E-B7FC-7307F01509DA}.AppStore|Any CPU.ActiveCfg = Release|Any CPU
		{29635DFE-D2A1-439E-B7FC-7307F01509DA}.AppStore|Any CPU.Build.0 = Release|Any CPU
		{29635DFE-D2A1-439E-B7FC-7307F01509DA}.AppStore|ARM.ActiveCfg = Release|Any CPU
		{29635DFE-D2A1-439E-B7FC-7307F01509DA}.AppStore|ARM.Build.0 = Release|Any CPU
		{29635DFE-D2A1-439E-B7FC-7307F01509DA}.AppStore|iPhone.ActiveCfg = Release|Any CPU
		{29635DFE-D2A1-439E-B7FC-7307F01509DA}.AppStore|iPhone.Build.0 = Release|Any CPU
		{29635DFE-D2A1-439E-B7FC-7307F01509DA}.AppStore|iPhoneSimulator.ActiveCfg = Release|Any CPU
		{29635DFE-D2A1-439E-B7FC-7307F01509DA}.AppStore|iPhoneSimulator.Build.0 = Release|Any CPU
		{29635DFE-D2A1-439E-B7FC-7307F01509DA}.AppStore|x64.ActiveCfg = Release|Any CPU
		{29635DFE-D2A1-439E-B7FC-7307F01509DA}.AppStore|x64.Build.0 = Release|Any CPU
		{29635DFE-D2A1-439E-B7FC-7307F01509DA}.AppStore|x86.ActiveCfg = Release|Any CPU
		{29635DFE-D2A1-439E-B7FC-7307F01509DA}.AppStore|x86.Build.0 = Release|Any CPU
		{29635DFE-D2A1-439E-B7FC-7307F01509DA}.Debug|Any CPU.ActiveCfg = Debug|Any CPU
		{29635DFE-D2A1-439E-B7FC-7307F01509DA}.Debug|Any CPU.Build.0 = Debug|Any CPU
		{29635DFE-D2A1-439E-B7FC-7307F01509DA}.Debug|ARM.ActiveCfg = Debug|Any CPU
		{29635DFE-D2A1-439E-B7FC-7307F01509DA}.Debug|ARM.Build.0 = Debug|Any CPU
		{29635DFE-D2A1-439E-B7FC-7307F01509DA}.Debug|iPhone.ActiveCfg = Debug|Any CPU
		{29635DFE-D2A1-439E-B7FC-7307F01509DA}.Debug|iPhone.Build.0 = Debug|Any CPU
		{29635DFE-D2A1-439E-B7FC-7307F01509DA}.Debug|iPhoneSimulator.ActiveCfg = Debug|Any CPU
		{29635DFE-D2A1-439E-B7FC-7307F01509DA}.Debug|iPhoneSimulator.Build.0 = Debug|Any CPU
		{29635DFE-D2A1-439E-B7FC-7307F01509DA}.Debug|x64.ActiveCfg = Debug|Any CPU
		{29635DFE-D2A1-439E-B7FC-7307F01509DA}.Debug|x64.Build.0 = Debug|Any CPU
		{29635DFE-D2A1-439E-B7FC-7307F01509DA}.Debug|x86.ActiveCfg = Debug|Any CPU
		{29635DFE-D2A1-439E-B7FC-7307F01509DA}.Debug|x86.Build.0 = Debug|Any CPU
		{29635DFE-D2A1-439E-B7FC-7307F01509DA}.Release|Any CPU.ActiveCfg = Release|Any CPU
		{29635DFE-D2A1-439E-B7FC-7307F01509DA}.Release|Any CPU.Build.0 = Release|Any CPU
		{29635DFE-D2A1-439E-B7FC-7307F01509DA}.Release|ARM.ActiveCfg = Release|Any CPU
		{29635DFE-D2A1-439E-B7FC-7307F01509DA}.Release|ARM.Build.0 = Release|Any CPU
		{29635DFE-D2A1-439E-B7FC-7307F01509DA}.Release|iPhone.ActiveCfg = Release|Any CPU
		{29635DFE-D2A1-439E-B7FC-7307F01509DA}.Release|iPhone.Build.0 = Release|Any CPU
		{29635DFE-D2A1-439E-B7FC-7307F01509DA}.Release|iPhoneSimulator.ActiveCfg = Release|Any CPU
		{29635DFE-D2A1-439E-B7FC-7307F01509DA}.Release|iPhoneSimulator.Build.0 = Release|Any CPU
		{29635DFE-D2A1-439E-B7FC-7307F01509DA}.Release|x64.ActiveCfg = Release|Any CPU
		{29635DFE-D2A1-439E-B7FC-7307F01509DA}.Release|x64.Build.0 = Release|Any CPU
		{29635DFE-D2A1-439E-B7FC-7307F01509DA}.Release|x86.ActiveCfg = Release|Any CPU
		{29635DFE-D2A1-439E-B7FC-7307F01509DA}.Release|x86.Build.0 = Release|Any CPU
	EndGlobalSection
	GlobalSection(SolutionProperties) = preSolution
		HideSolutionNode = FALSE
	EndGlobalSection
EndGlobal
